
Microsoft Visual Studio Solution File, Format Version 12.00
# Visual Studio 15
VisualStudioVersion = 15.0.26124.0
MinimumVisualStudioVersion = 15.0.26124.0
Project("{2150E333-8FDC-42A3-9474-1A3956D46DE8}") = "QIES.Backoffice", "QIES.Backoffice", "{52DE4119-051B-492C-9AF8-D8AF39AC6C0A}"
EndProject
Project("{FAE04EC0-301F-11D3-BF4B-00C04F79EFBC}") = "QIES.Backoffice", "QIES.Backoffice\src\QIES.Backoffice.csproj", "{779F0500-4357-421E-84CA-C4870F4324D7}"
EndProject
Project("{2150E333-8FDC-42A3-9474-1A3956D46DE8}") = "QIES.Common", "QIES.Common", "{98D14D6A-307E-4674-80D4-63574D10E17A}"
EndProject
Project("{FAE04EC0-301F-11D3-BF4B-00C04F79EFBC}") = "QIES.Common", "QIES.Common\src\QIES.Common.csproj", "{F1B82825-8526-443D-84F2-1972F648B2D5}"
EndProject
Project("{FAE04EC0-301F-11D3-BF4B-00C04F79EFBC}") = "QIES.Common.Tests", "QIES.Common\test\QIES.Common.Tests.csproj", "{B2DA3EDA-E5AE-4C41-AE34-5B8EBF33ACE0}"
EndProject
Project("{2150E333-8FDC-42A3-9474-1A3956D46DE8}") = "QIES", "QIES", "{CC702C20-8499-4015-8446-6EF02F832E88}"
EndProject
Project("{2150E333-8FDC-42A3-9474-1A3956D46DE8}") = "src", "src", "{2E473A00-9D7B-43C8-B6CD-44C92CD08930}"
EndProject
Project("{FAE04EC0-301F-11D3-BF4B-00C04F79EFBC}") = "QIES.Web", "QIES\src\QIES.Web\QIES.Web.csproj", "{ACE19AFC-380A-4BD5-B998-4B74E6521BFD}"
EndProject
Project("{FAE04EC0-301F-11D3-BF4B-00C04F79EFBC}") = "QIES.Core", "QIES\src\QIES.Core\QIES.Core.csproj", "{26782F58-F17C-4452-B6FB-F796FA1D86D1}"
EndProject
Project("{FAE04EC0-301F-11D3-BF4B-00C04F79EFBC}") = "QIES.Infra", "QIES\src\QIES.Infra\QIES.Infra.csproj", "{C75A3D41-4B35-4CCC-8D33-7B75089C42E6}"
EndProject
Project("{FAE04EC0-301F-11D3-BF4B-00C04F79EFBC}") = "QIES.Api", "QIES\src\QIES.Api\QIES.Api.csproj", "{497B1F3B-F235-4E89-AE2C-D6449EE8E237}"
EndProject
Project("{2150E333-8FDC-42A3-9474-1A3956D46DE8}") = "test", "test", "{04560BE9-E6CA-480D-AAE1-08CA1A2F7029}"
EndProject
Project("{FAE04EC0-301F-11D3-BF4B-00C04F79EFBC}") = "QIES.Core.Tests", "QIES\test\QIES.Core\QIES.Core.Tests.csproj", "{2761E605-56E6-46E6-BAEE-5770673A4829}"
EndProject
Project("{2150E333-8FDC-42A3-9474-1A3956D46DE8}") = "QIES.Cli", "QIES.Cli", "{B33BB435-6A0D-4BB5-88F2-54DE8D2F99EA}"
EndProject
Project("{FAE04EC0-301F-11D3-BF4B-00C04F79EFBC}") = "QIES.Cli", "QIES.Cli\src\QIES.Cli.csproj", "{2AA4AF3E-B7F8-4180-982E-D09066BFCAD7}"
EndProject
Global
	GlobalSection(SolutionConfigurationPlatforms) = preSolution
		Debug|Any CPU = Debug|Any CPU
		Debug|x64 = Debug|x64
		Debug|x86 = Debug|x86
		Release|Any CPU = Release|Any CPU
		Release|x64 = Release|x64
		Release|x86 = Release|x86
	EndGlobalSection
	GlobalSection(SolutionProperties) = preSolution
		HideSolutionNode = FALSE
	EndGlobalSection
	GlobalSection(ProjectConfigurationPlatforms) = postSolution
		{779F0500-4357-421E-84CA-C4870F4324D7}.Debug|Any CPU.ActiveCfg = Debug|Any CPU
		{779F0500-4357-421E-84CA-C4870F4324D7}.Debug|Any CPU.Build.0 = Debug|Any CPU
		{779F0500-4357-421E-84CA-C4870F4324D7}.Debug|x64.ActiveCfg = Debug|Any CPU
		{779F0500-4357-421E-84CA-C4870F4324D7}.Debug|x64.Build.0 = Debug|Any CPU
		{779F0500-4357-421E-84CA-C4870F4324D7}.Debug|x86.ActiveCfg = Debug|Any CPU
		{779F0500-4357-421E-84CA-C4870F4324D7}.Debug|x86.Build.0 = Debug|Any CPU
		{779F0500-4357-421E-84CA-C4870F4324D7}.Release|Any CPU.ActiveCfg = Release|Any CPU
		{779F0500-4357-421E-84CA-C4870F4324D7}.Release|Any CPU.Build.0 = Release|Any CPU
		{779F0500-4357-421E-84CA-C4870F4324D7}.Release|x64.ActiveCfg = Release|Any CPU
		{779F0500-4357-421E-84CA-C4870F4324D7}.Release|x64.Build.0 = Release|Any CPU
		{779F0500-4357-421E-84CA-C4870F4324D7}.Release|x86.ActiveCfg = Release|Any CPU
		{779F0500-4357-421E-84CA-C4870F4324D7}.Release|x86.Build.0 = Release|Any CPU
		{F1B82825-8526-443D-84F2-1972F648B2D5}.Debug|Any CPU.ActiveCfg = Debug|Any CPU
		{F1B82825-8526-443D-84F2-1972F648B2D5}.Debug|Any CPU.Build.0 = Debug|Any CPU
		{F1B82825-8526-443D-84F2-1972F648B2D5}.Debug|x64.ActiveCfg = Debug|Any CPU
		{F1B82825-8526-443D-84F2-1972F648B2D5}.Debug|x64.Build.0 = Debug|Any CPU
		{F1B82825-8526-443D-84F2-1972F648B2D5}.Debug|x86.ActiveCfg = Debug|Any CPU
		{F1B82825-8526-443D-84F2-1972F648B2D5}.Debug|x86.Build.0 = Debug|Any CPU
		{F1B82825-8526-443D-84F2-1972F648B2D5}.Release|Any CPU.ActiveCfg = Release|Any CPU
		{F1B82825-8526-443D-84F2-1972F648B2D5}.Release|Any CPU.Build.0 = Release|Any CPU
		{F1B82825-8526-443D-84F2-1972F648B2D5}.Release|x64.ActiveCfg = Release|Any CPU
		{F1B82825-8526-443D-84F2-1972F648B2D5}.Release|x64.Build.0 = Release|Any CPU
		{F1B82825-8526-443D-84F2-1972F648B2D5}.Release|x86.ActiveCfg = Release|Any CPU
		{F1B82825-8526-443D-84F2-1972F648B2D5}.Release|x86.Build.0 = Release|Any CPU
		{B2DA3EDA-E5AE-4C41-AE34-5B8EBF33ACE0}.Debug|Any CPU.ActiveCfg = Debug|Any CPU
		{B2DA3EDA-E5AE-4C41-AE34-5B8EBF33ACE0}.Debug|Any CPU.Build.0 = Debug|Any CPU
		{B2DA3EDA-E5AE-4C41-AE34-5B8EBF33ACE0}.Debug|x64.ActiveCfg = Debug|Any CPU
		{B2DA3EDA-E5AE-4C41-AE34-5B8EBF33ACE0}.Debug|x64.Build.0 = Debug|Any CPU
		{B2DA3EDA-E5AE-4C41-AE34-5B8EBF33ACE0}.Debug|x86.ActiveCfg = Debug|Any CPU
		{B2DA3EDA-E5AE-4C41-AE34-5B8EBF33ACE0}.Debug|x86.Build.0 = Debug|Any CPU
		{B2DA3EDA-E5AE-4C41-AE34-5B8EBF33ACE0}.Release|Any CPU.ActiveCfg = Release|Any CPU
		{B2DA3EDA-E5AE-4C41-AE34-5B8EBF33ACE0}.Release|Any CPU.Build.0 = Release|Any CPU
		{B2DA3EDA-E5AE-4C41-AE34-5B8EBF33ACE0}.Release|x64.ActiveCfg = Release|Any CPU
		{B2DA3EDA-E5AE-4C41-AE34-5B8EBF33ACE0}.Release|x64.Build.0 = Release|Any CPU
		{B2DA3EDA-E5AE-4C41-AE34-5B8EBF33ACE0}.Release|x86.ActiveCfg = Release|Any CPU
		{B2DA3EDA-E5AE-4C41-AE34-5B8EBF33ACE0}.Release|x86.Build.0 = Release|Any CPU
		{ACE19AFC-380A-4BD5-B998-4B74E6521BFD}.Debug|Any CPU.ActiveCfg = Debug|Any CPU
		{ACE19AFC-380A-4BD5-B998-4B74E6521BFD}.Debug|Any CPU.Build.0 = Debug|Any CPU
		{ACE19AFC-380A-4BD5-B998-4B74E6521BFD}.Debug|x64.ActiveCfg = Debug|Any CPU
		{ACE19AFC-380A-4BD5-B998-4B74E6521BFD}.Debug|x64.Build.0 = Debug|Any CPU
		{ACE19AFC-380A-4BD5-B998-4B74E6521BFD}.Debug|x86.ActiveCfg = Debug|Any CPU
		{ACE19AFC-380A-4BD5-B998-4B74E6521BFD}.Debug|x86.Build.0 = Debug|Any CPU
		{ACE19AFC-380A-4BD5-B998-4B74E6521BFD}.Release|Any CPU.ActiveCfg = Release|Any CPU
		{ACE19AFC-380A-4BD5-B998-4B74E6521BFD}.Release|Any CPU.Build.0 = Release|Any CPU
		{ACE19AFC-380A-4BD5-B998-4B74E6521BFD}.Release|x64.ActiveCfg = Release|Any CPU
		{ACE19AFC-380A-4BD5-B998-4B74E6521BFD}.Release|x64.Build.0 = Release|Any CPU
		{ACE19AFC-380A-4BD5-B998-4B74E6521BFD}.Release|x86.ActiveCfg = Release|Any CPU
		{ACE19AFC-380A-4BD5-B998-4B74E6521BFD}.Release|x86.Build.0 = Release|Any CPU
		{26782F58-F17C-4452-B6FB-F796FA1D86D1}.Debug|Any CPU.ActiveCfg = Debug|Any CPU
		{26782F58-F17C-4452-B6FB-F796FA1D86D1}.Debug|Any CPU.Build.0 = Debug|Any CPU
		{26782F58-F17C-4452-B6FB-F796FA1D86D1}.Debug|x64.ActiveCfg = Debug|Any CPU
		{26782F58-F17C-4452-B6FB-F796FA1D86D1}.Debug|x64.Build.0 = Debug|Any CPU
		{26782F58-F17C-4452-B6FB-F796FA1D86D1}.Debug|x86.ActiveCfg = Debug|Any CPU
		{26782F58-F17C-4452-B6FB-F796FA1D86D1}.Debug|x86.Build.0 = Debug|Any CPU
		{26782F58-F17C-4452-B6FB-F796FA1D86D1}.Release|Any CPU.ActiveCfg = Release|Any CPU
		{26782F58-F17C-4452-B6FB-F796FA1D86D1}.Release|Any CPU.Build.0 = Release|Any CPU
		{26782F58-F17C-4452-B6FB-F796FA1D86D1}.Release|x64.ActiveCfg = Release|Any CPU
		{26782F58-F17C-4452-B6FB-F796FA1D86D1}.Release|x64.Build.0 = Release|Any CPU
		{26782F58-F17C-4452-B6FB-F796FA1D86D1}.Release|x86.ActiveCfg = Release|Any CPU
		{26782F58-F17C-4452-B6FB-F796FA1D86D1}.Release|x86.Build.0 = Release|Any CPU
		{C75A3D41-4B35-4CCC-8D33-7B75089C42E6}.Debug|Any CPU.ActiveCfg = Debug|Any CPU
		{C75A3D41-4B35-4CCC-8D33-7B75089C42E6}.Debug|Any CPU.Build.0 = Debug|Any CPU
		{C75A3D41-4B35-4CCC-8D33-7B75089C42E6}.Debug|x64.ActiveCfg = Debug|Any CPU
		{C75A3D41-4B35-4CCC-8D33-7B75089C42E6}.Debug|x64.Build.0 = Debug|Any CPU
		{C75A3D41-4B35-4CCC-8D33-7B75089C42E6}.Debug|x86.ActiveCfg = Debug|Any CPU
		{C75A3D41-4B35-4CCC-8D33-7B75089C42E6}.Debug|x86.Build.0 = Debug|Any CPU
		{C75A3D41-4B35-4CCC-8D33-7B75089C42E6}.Release|Any CPU.ActiveCfg = Release|Any CPU
		{C75A3D41-4B35-4CCC-8D33-7B75089C42E6}.Release|Any CPU.Build.0 = Release|Any CPU
		{C75A3D41-4B35-4CCC-8D33-7B75089C42E6}.Release|x64.ActiveCfg = Release|Any CPU
		{C75A3D41-4B35-4CCC-8D33-7B75089C42E6}.Release|x64.Build.0 = Release|Any CPU
		{C75A3D41-4B35-4CCC-8D33-7B75089C42E6}.Release|x86.ActiveCfg = Release|Any CPU
		{C75A3D41-4B35-4CCC-8D33-7B75089C42E6}.Release|x86.Build.0 = Release|Any CPU
		{497B1F3B-F235-4E89-AE2C-D6449EE8E237}.Debug|Any CPU.ActiveCfg = Debug|Any CPU
		{497B1F3B-F235-4E89-AE2C-D6449EE8E237}.Debug|Any CPU.Build.0 = Debug|Any CPU
		{497B1F3B-F235-4E89-AE2C-D6449EE8E237}.Debug|x64.ActiveCfg = Debug|Any CPU
		{497B1F3B-F235-4E89-AE2C-D6449EE8E237}.Debug|x64.Build.0 = Debug|Any CPU
		{497B1F3B-F235-4E89-AE2C-D6449EE8E237}.Debug|x86.ActiveCfg = Debug|Any CPU
		{497B1F3B-F235-4E89-AE2C-D6449EE8E237}.Debug|x86.Build.0 = Debug|Any CPU
		{497B1F3B-F235-4E89-AE2C-D6449EE8E237}.Release|Any CPU.ActiveCfg = Release|Any CPU
		{497B1F3B-F235-4E89-AE2C-D6449EE8E237}.Release|Any CPU.Build.0 = Release|Any CPU
		{497B1F3B-F235-4E89-AE2C-D6449EE8E237}.Release|x64.ActiveCfg = Release|Any CPU
		{497B1F3B-F235-4E89-AE2C-D6449EE8E237}.Release|x64.Build.0 = Release|Any CPU
		{497B1F3B-F235-4E89-AE2C-D6449EE8E237}.Release|x86.ActiveCfg = Release|Any CPU
		{497B1F3B-F235-4E89-AE2C-D6449EE8E237}.Release|x86.Build.0 = Release|Any CPU
		{2761E605-56E6-46E6-BAEE-5770673A4829}.Debug|Any CPU.ActiveCfg = Debug|Any CPU
		{2761E605-56E6-46E6-BAEE-5770673A4829}.Debug|Any CPU.Build.0 = Debug|Any CPU
		{2761E605-56E6-46E6-BAEE-5770673A4829}.Debug|x64.ActiveCfg = Debug|Any CPU
		{2761E605-56E6-46E6-BAEE-5770673A4829}.Debug|x64.Build.0 = Debug|Any CPU
		{2761E605-56E6-46E6-BAEE-5770673A4829}.Debug|x86.ActiveCfg = Debug|Any CPU
		{2761E605-56E6-46E6-BAEE-5770673A4829}.Debug|x86.Build.0 = Debug|Any CPU
		{2761E605-56E6-46E6-BAEE-5770673A4829}.Release|Any CPU.ActiveCfg = Release|Any CPU
		{2761E605-56E6-46E6-BAEE-5770673A4829}.Release|Any CPU.Build.0 = Release|Any CPU
		{2761E605-56E6-46E6-BAEE-5770673A4829}.Release|x64.ActiveCfg = Release|Any CPU
		{2761E605-56E6-46E6-BAEE-5770673A4829}.Release|x64.Build.0 = Release|Any CPU
		{2761E605-56E6-46E6-BAEE-5770673A4829}.Release|x86.ActiveCfg = Release|Any CPU
		{2761E605-56E6-46E6-BAEE-5770673A4829}.Release|x86.Build.0 = Release|Any CPU
		{2AA4AF3E-B7F8-4180-982E-D09066BFCAD7}.Debug|Any CPU.ActiveCfg = Debug|Any CPU
		{2AA4AF3E-B7F8-4180-982E-D09066BFCAD7}.Debug|Any CPU.Build.0 = Debug|Any CPU
		{2AA4AF3E-B7F8-4180-982E-D09066BFCAD7}.Debug|x64.ActiveCfg = Debug|Any CPU
		{2AA4AF3E-B7F8-4180-982E-D09066BFCAD7}.Debug|x64.Build.0 = Debug|Any CPU
		{2AA4AF3E-B7F8-4180-982E-D09066BFCAD7}.Debug|x86.ActiveCfg = Debug|Any CPU
		{2AA4AF3E-B7F8-4180-982E-D09066BFCAD7}.Debug|x86.Build.0 = Debug|Any CPU
		{2AA4AF3E-B7F8-4180-982E-D09066BFCAD7}.Release|Any CPU.ActiveCfg = Release|Any CPU
		{2AA4AF3E-B7F8-4180-982E-D09066BFCAD7}.Release|Any CPU.Build.0 = Release|Any CPU
		{2AA4AF3E-B7F8-4180-982E-D09066BFCAD7}.Release|x64.ActiveCfg = Release|Any CPU
		{2AA4AF3E-B7F8-4180-982E-D09066BFCAD7}.Release|x64.Build.0 = Release|Any CPU
		{2AA4AF3E-B7F8-4180-982E-D09066BFCAD7}.Release|x86.ActiveCfg = Release|Any CPU
		{2AA4AF3E-B7F8-4180-982E-D09066BFCAD7}.Release|x86.Build.0 = Release|Any CPU
	EndGlobalSection
	GlobalSection(NestedProjects) = preSolution
		{779F0500-4357-421E-84CA-C4870F4324D7} = {52DE4119-051B-492C-9AF8-D8AF39AC6C0A}
		{F1B82825-8526-443D-84F2-1972F648B2D5} = {98D14D6A-307E-4674-80D4-63574D10E17A}
		{B2DA3EDA-E5AE-4C41-AE34-5B8EBF33ACE0} = {98D14D6A-307E-4674-80D4-63574D10E17A}
		{2E473A00-9D7B-43C8-B6CD-44C92CD08930} = {CC702C20-8499-4015-8446-6EF02F832E88}
		{ACE19AFC-380A-4BD5-B998-4B74E6521BFD} = {2E473A00-9D7B-43C8-B6CD-44C92CD08930}
		{26782F58-F17C-4452-B6FB-F796FA1D86D1} = {2E473A00-9D7B-43C8-B6CD-44C92CD08930}
		{C75A3D41-4B35-4CCC-8D33-7B75089C42E6} = {2E473A00-9D7B-43C8-B6CD-44C92CD08930}
		{497B1F3B-F235-4E89-AE2C-D6449EE8E237} = {2E473A00-9D7B-43C8-B6CD-44C92CD08930}
		{04560BE9-E6CA-480D-AAE1-08CA1A2F7029} = {CC702C20-8499-4015-8446-6EF02F832E88}
		{2761E605-56E6-46E6-BAEE-5770673A4829} = {04560BE9-E6CA-480D-AAE1-08CA1A2F7029}
		{2AA4AF3E-B7F8-4180-982E-D09066BFCAD7} = {B33BB435-6A0D-4BB5-88F2-54DE8D2F99EA}
	EndGlobalSection
EndGlobal
