
Microsoft Visual Studio Solution File, Format Version 12.00
# Visual Studio 15
VisualStudioVersion = 15.0.26124.0
MinimumVisualStudioVersion = 15.0.26124.0
Project("{2150E333-8FDC-42A3-9474-1A3956D46DE8}") = "QIES.Frontend", "QIES.Frontend", "{3EFAD830-725A-4839-B371-815E973E1B34}"
EndProject
Project("{FAE04EC0-301F-11D3-BF4B-00C04F79EFBC}") = "QIES.Frontend", "QIES.Frontend\src\QIES.Frontend.csproj", "{0A62062C-DBB5-4470-AA60-E1C115A76259}"
EndProject
Project("{2150E333-8FDC-42A3-9474-1A3956D46DE8}") = "QIES.Backoffice", "QIES.Backoffice", "{52DE4119-051B-492C-9AF8-D8AF39AC6C0A}"
EndProject
Project("{FAE04EC0-301F-11D3-BF4B-00C04F79EFBC}") = "QIES.Backoffice", "QIES.Backoffice\src\QIES.Backoffice.csproj", "{779F0500-4357-421E-84CA-C4870F4324D7}"
EndProject
Project("{2150E333-8FDC-42A3-9474-1A3956D46DE8}") = "QIES.Common", "QIES.Common", "{98D14D6A-307E-4674-80D4-63574D10E17A}"
EndProject
Project("{FAE04EC0-301F-11D3-BF4B-00C04F79EFBC}") = "QIES.Common", "QIES.Common\src\QIES.Common.csproj", "{F1B82825-8526-443D-84F2-1972F648B2D5}"
EndProject
Project("{FAE04EC0-301F-11D3-BF4B-00C04F79EFBC}") = "QIES.Common.Tests", "QIES.Common\test\QIES.Common.Tests.csproj", "{B2DA3EDA-E5AE-4C41-AE34-5B8EBF33ACE0}"
EndProject
Global
	GlobalSection(SolutionConfigurationPlatforms) = preSolution
		Debug|Any CPU = Debug|Any CPU
		Debug|x64 = Debug|x64
		Debug|x86 = Debug|x86
		Release|Any CPU = Release|Any CPU
		Release|x64 = Release|x64
		Release|x86 = Release|x86
	EndGlobalSection
	GlobalSection(SolutionProperties) = preSolution
		HideSolutionNode = FALSE
	EndGlobalSection
	GlobalSection(ProjectConfigurationPlatforms) = postSolution
		{0A62062C-DBB5-4470-AA60-E1C115A76259}.Debug|Any CPU.ActiveCfg = Debug|Any CPU
		{0A62062C-DBB5-4470-AA60-E1C115A76259}.Debug|Any CPU.Build.0 = Debug|Any CPU
		{0A62062C-DBB5-4470-AA60-E1C115A76259}.Debug|x64.ActiveCfg = Debug|Any CPU
		{0A62062C-DBB5-4470-AA60-E1C115A76259}.Debug|x64.Build.0 = Debug|Any CPU
		{0A62062C-DBB5-4470-AA60-E1C115A76259}.Debug|x86.ActiveCfg = Debug|Any CPU
		{0A62062C-DBB5-4470-AA60-E1C115A76259}.Debug|x86.Build.0 = Debug|Any CPU
		{0A62062C-DBB5-4470-AA60-E1C115A76259}.Release|Any CPU.ActiveCfg = Release|Any CPU
		{0A62062C-DBB5-4470-AA60-E1C115A76259}.Release|Any CPU.Build.0 = Release|Any CPU
		{0A62062C-DBB5-4470-AA60-E1C115A76259}.Release|x64.ActiveCfg = Release|Any CPU
		{0A62062C-DBB5-4470-AA60-E1C115A76259}.Release|x64.Build.0 = Release|Any CPU
		{0A62062C-DBB5-4470-AA60-E1C115A76259}.Release|x86.ActiveCfg = Release|Any CPU
		{0A62062C-DBB5-4470-AA60-E1C115A76259}.Release|x86.Build.0 = Release|Any CPU
		{779F0500-4357-421E-84CA-C4870F4324D7}.Debug|Any CPU.ActiveCfg = Debug|Any CPU
		{779F0500-4357-421E-84CA-C4870F4324D7}.Debug|Any CPU.Build.0 = Debug|Any CPU
		{779F0500-4357-421E-84CA-C4870F4324D7}.Debug|x64.ActiveCfg = Debug|Any CPU
		{779F0500-4357-421E-84CA-C4870F4324D7}.Debug|x64.Build.0 = Debug|Any CPU
		{779F0500-4357-421E-84CA-C4870F4324D7}.Debug|x86.ActiveCfg = Debug|Any CPU
		{779F0500-4357-421E-84CA-C4870F4324D7}.Debug|x86.Build.0 = Debug|Any CPU
		{779F0500-4357-421E-84CA-C4870F4324D7}.Release|Any CPU.ActiveCfg = Release|Any CPU
		{779F0500-4357-421E-84CA-C4870F4324D7}.Release|Any CPU.Build.0 = Release|Any CPU
		{779F0500-4357-421E-84CA-C4870F4324D7}.Release|x64.ActiveCfg = Release|Any CPU
		{779F0500-4357-421E-84CA-C4870F4324D7}.Release|x64.Build.0 = Release|Any CPU
		{779F0500-4357-421E-84CA-C4870F4324D7}.Release|x86.ActiveCfg = Release|Any CPU
		{779F0500-4357-421E-84CA-C4870F4324D7}.Release|x86.Build.0 = Release|Any CPU
		{F1B82825-8526-443D-84F2-1972F648B2D5}.Debug|Any CPU.ActiveCfg = Debug|Any CPU
		{F1B82825-8526-443D-84F2-1972F648B2D5}.Debug|Any CPU.Build.0 = Debug|Any CPU
		{F1B82825-8526-443D-84F2-1972F648B2D5}.Debug|x64.ActiveCfg = Debug|Any CPU
		{F1B82825-8526-443D-84F2-1972F648B2D5}.Debug|x64.Build.0 = Debug|Any CPU
		{F1B82825-8526-443D-84F2-1972F648B2D5}.Debug|x86.ActiveCfg = Debug|Any CPU
		{F1B82825-8526-443D-84F2-1972F648B2D5}.Debug|x86.Build.0 = Debug|Any CPU
		{F1B82825-8526-443D-84F2-1972F648B2D5}.Release|Any CPU.ActiveCfg = Release|Any CPU
		{F1B82825-8526-443D-84F2-1972F648B2D5}.Release|Any CPU.Build.0 = Release|Any CPU
		{F1B82825-8526-443D-84F2-1972F648B2D5}.Release|x64.ActiveCfg = Release|Any CPU
		{F1B82825-8526-443D-84F2-1972F648B2D5}.Release|x64.Build.0 = Release|Any CPU
		{F1B82825-8526-443D-84F2-1972F648B2D5}.Release|x86.ActiveCfg = Release|Any CPU
		{F1B82825-8526-443D-84F2-1972F648B2D5}.Release|x86.Build.0 = Release|Any CPU
		{B2DA3EDA-E5AE-4C41-AE34-5B8EBF33ACE0}.Debug|Any CPU.ActiveCfg = Debug|Any CPU
		{B2DA3EDA-E5AE-4C41-AE34-5B8EBF33ACE0}.Debug|Any CPU.Build.0 = Debug|Any CPU
		{B2DA3EDA-E5AE-4C41-AE34-5B8EBF33ACE0}.Debug|x64.ActiveCfg = Debug|Any CPU
		{B2DA3EDA-E5AE-4C41-AE34-5B8EBF33ACE0}.Debug|x64.Build.0 = Debug|Any CPU
		{B2DA3EDA-E5AE-4C41-AE34-5B8EBF33ACE0}.Debug|x86.ActiveCfg = Debug|Any CPU
		{B2DA3EDA-E5AE-4C41-AE34-5B8EBF33ACE0}.Debug|x86.Build.0 = Debug|Any CPU
		{B2DA3EDA-E5AE-4C41-AE34-5B8EBF33ACE0}.Release|Any CPU.ActiveCfg = Release|Any CPU
		{B2DA3EDA-E5AE-4C41-AE34-5B8EBF33ACE0}.Release|Any CPU.Build.0 = Release|Any CPU
		{B2DA3EDA-E5AE-4C41-AE34-5B8EBF33ACE0}.Release|x64.ActiveCfg = Release|Any CPU
		{B2DA3EDA-E5AE-4C41-AE34-5B8EBF33ACE0}.Release|x64.Build.0 = Release|Any CPU
		{B2DA3EDA-E5AE-4C41-AE34-5B8EBF33ACE0}.Release|x86.ActiveCfg = Release|Any CPU
		{B2DA3EDA-E5AE-4C41-AE34-5B8EBF33ACE0}.Release|x86.Build.0 = Release|Any CPU
	EndGlobalSection
	GlobalSection(NestedProjects) = preSolution
		{0A62062C-DBB5-4470-AA60-E1C115A76259} = {3EFAD830-725A-4839-B371-815E973E1B34}
		{779F0500-4357-421E-84CA-C4870F4324D7} = {52DE4119-051B-492C-9AF8-D8AF39AC6C0A}
		{F1B82825-8526-443D-84F2-1972F648B2D5} = {98D14D6A-307E-4674-80D4-63574D10E17A}
		{B2DA3EDA-E5AE-4C41-AE34-5B8EBF33ACE0} = {98D14D6A-307E-4674-80D4-63574D10E17A}
	EndGlobalSection
EndGlobal
